
Microsoft Visual Studio Solution File, Format Version 12.00
# Visual Studio Version 16
VisualStudioVersion = 16.0.31005.135
MinimumVisualStudioVersion = 10.0.40219.1
Project("{FAE04EC0-301F-11D3-BF4B-00C04F79EFBC}") = "Patronage", "Patronage\Patronage.csproj", "{6DEB4B50-4E90-4DCC-9E8C-026C92E3368E}"
EndProject
Global
	GlobalSection(SolutionConfigurationPlatforms) = preSolution
		Debug|Any CPU = Debug|Any CPU
		Release|Any CPU = Release|Any CPU
	EndGlobalSection
	GlobalSection(ProjectConfigurationPlatforms) = postSolution
		{6DEB4B50-4E90-4DCC-9E8C-026C92E3368E}.Debug|Any CPU.ActiveCfg = Debug|Any CPU
		{6DEB4B50-4E90-4DCC-9E8C-026C92E3368E}.Debug|Any CPU.Build.0 = Debug|Any CPU
		{6DEB4B50-4E90-4DCC-9E8C-026C92E3368E}.Release|Any CPU.ActiveCfg = Release|Any CPU
		{6DEB4B50-4E90-4DCC-9E8C-026C92E3368E}.Release|Any CPU.Build.0 = Release|Any CPU
	EndGlobalSection
	GlobalSection(SolutionProperties) = preSolution
		HideSolutionNode = FALSE
	EndGlobalSection
	GlobalSection(ExtensibilityGlobals) = postSolution
		SolutionGuid = {E76AA41D-70D0-4518-B0DC-D4857BA2B131}
	EndGlobalSection
EndGlobal
